{
    "name": "uiu-coder-of-the-month-tracker",
    "version": "0.0.1",
    "lockfileVersion": 2,
    "requires": true,
    "packages": {
        "": {
            "name": "uiu-coder-of-the-month-tracker",
            "version": "0.0.1",
            "dependencies": {
                "discord-interactions": "^3.2.0",
                "raw-body": "^2.4.1"
            }
        },
        "node_modules/bytes": {
            "version": "3.1.2",
            "resolved": "https://registry.npmjs.org/bytes/-/bytes-3.1.2.tgz",
            "integrity": "sha512-/Nf7TyzTx6S3yRJObOAV7956r8cr2+Oj8AC5dt8wSP3BQAoeX58NoHyCU8P8zGkNXStjTSi6fzO6F0pBdcYbEg==",
            "engines": {
                "node": ">= 0.8"
            }
        },
        "node_modules/depd": {
            "version": "2.0.0",
            "resolved": "https://registry.npmjs.org/depd/-/depd-2.0.0.tgz",
            "integrity": "sha512-g7nH6P6dyDioJogAAGprGpCtVImJhpPk/roCzdb3fIh61/s/nPsfR6onyMwkCAR/OlC3yBC0lESvUoQEAssIrw==",
            "engines": {
                "node": ">= 0.8"
            }
        },
        "node_modules/discord-interactions": {
            "version": "3.2.0",
            "resolved": "https://registry.npmjs.org/discord-interactions/-/discord-interactions-3.2.0.tgz",
            "integrity": "sha512-/J25RpYlokRW+2HmU5C2xo9bcgCWIzCl+MRRLCL/XvD+Hqe2WyQc639vUUKUNi6hdSdWb2kGNZDkMZxDky2dZg==",
            "dependencies": {
                "tweetnacl": "^1.0.3"
            },
            "engines": {
                "node": ">=12"
            }
        },
        "node_modules/http-errors": {
            "version": "2.0.0",
            "resolved": "https://registry.npmjs.org/http-errors/-/http-errors-2.0.0.tgz",
            "integrity": "sha512-FtwrG/euBzaEjYeRqOgly7G0qviiXoJWnvEH2Z1plBdXgbyjv34pHTSb9zoeHMyDy33+DWy5Wt9Wo+TURtOYSQ==",
            "dependencies": {
                "depd": "2.0.0",
                "inherits": "2.0.4",
                "setprototypeof": "1.2.0",
                "statuses": "2.0.1",
                "toidentifier": "1.0.1"
            },
            "engines": {
                "node": ">= 0.8"
            }
        },
        "node_modules/iconv-lite": {
            "version": "0.4.24",
            "resolved": "https://registry.npmjs.org/iconv-lite/-/iconv-lite-0.4.24.tgz",
            "integrity": "sha512-v3MXnZAcvnywkTUEZomIActle7RXXeedOR31wwl7VlyoXO4Qi9arvSenNQWne1TcRwhCL1HwLI21bEqdpj8/rA==",
            "dependencies": {
                "safer-buffer": ">= 2.1.2 < 3"
            },
            "engines": {
                "node": ">=0.10.0"
            }
        },
        "node_modules/inherits": {
            "version": "2.0.4",
            "resolved": "https://registry.npmjs.org/inherits/-/inherits-2.0.4.tgz",
            "integrity": "sha512-k/vGaX4/Yla3WzyMCvTQOXYeIHvqOKtnqBduzTHpzpQZzAskKMhZ2K+EnBiSM9zGSoIFeMpXKxa4dYeZIQqewQ=="
        },
        "node_modules/raw-body": {
            "version": "2.5.1",
            "resolved": "https://registry.npmjs.org/raw-body/-/raw-body-2.5.1.tgz",
            "integrity": "sha512-qqJBtEyVgS0ZmPGdCFPWJ3FreoqvG4MVQln/kCgF7Olq95IbOp0/BWyMwbdtn4VTvkM8Y7khCQ2Xgk/tcrCXig==",
            "dependencies": {
                "bytes": "3.1.2",
                "http-errors": "2.0.0",
                "iconv-lite": "0.4.24",
                "unpipe": "1.0.0"
            },
            "engines": {
                "node": ">= 0.8"
            }
        },
        "node_modules/safer-buffer": {
            "version": "2.1.2",
            "resolved": "https://registry.npmjs.org/safer-buffer/-/safer-buffer-2.1.2.tgz",
            "integrity": "sha512-YZo3K82SD7Riyi0E1EQPojLz7kpepnSQI9IyPbHHg1XXXevb5dJI7tpyN2ADxGcQbHG7vcyRHk0cbwqcQriUtg=="
        },
        "node_modules/setprototypeof": {
            "version": "1.2.0",
            "resolved": "https://registry.npmjs.org/setprototypeof/-/setprototypeof-1.2.0.tgz",
            "integrity": "sha512-E5LDX7Wrp85Kil5bhZv46j8jOeboKq5JMmYM3gVGdGH8xFpPWXUMsNrlODCrkoxMEeNi/XZIwuRvY4XNwYMJpw=="
        },
        "node_modules/statuses": {
            "version": "2.0.1",
            "resolved": "https://registry.npmjs.org/statuses/-/statuses-2.0.1.tgz",
            "integrity": "sha512-RwNA9Z/7PrK06rYLIzFMlaF+l73iwpzsqRIFgbMLbTcLD6cOao82TaWefPXQvB2fOC4AjuYSEndS7N/mTCbkdQ==",
            "engines": {
                "node": ">= 0.8"
            }
        },
        "node_modules/toidentifier": {
            "version": "1.0.1",
            "resolved": "https://registry.npmjs.org/toidentifier/-/toidentifier-1.0.1.tgz",
            "integrity": "sha512-o5sSPKEkg/DIQNmH43V0/uerLrpzVedkUh8tGNvaeXpfpuwjKenlSox/2O/BTlZUtEe+JG7s5YhEz608PlAHRA==",
            "engines": {
                "node": ">=0.6"
            }
        },
        "node_modules/tweetnacl": {
            "version": "1.0.3",
            "resolved": "https://registry.npmjs.org/tweetnacl/-/tweetnacl-1.0.3.tgz",
            "integrity": "sha512-6rt+RN7aOi1nGMyC4Xa5DdYiukl2UWCbcJft7YhxReBGQD7OAM8Pbxw6YMo4r2diNEA8FEmu32YOn9rhaiE5yw=="
        },
        "node_modules/unpipe": {
            "version": "1.0.0",
            "resolved": "https://registry.npmjs.org/unpipe/-/unpipe-1.0.0.tgz",
            "integrity": "sha1-sr9O6FFKrmFltIF4KdIbLvSZBOw=",
            "engines": {
                "node": ">= 0.8"
            }
        }
    },
    "dependencies": {
        "bytes": {
            "version": "3.1.2",
            "resolved": "https://registry.npmjs.org/bytes/-/bytes-3.1.2.tgz",
            "integrity": "sha512-/Nf7TyzTx6S3yRJObOAV7956r8cr2+Oj8AC5dt8wSP3BQAoeX58NoHyCU8P8zGkNXStjTSi6fzO6F0pBdcYbEg=="
        },
        "depd": {
            "version": "2.0.0",
            "resolved": "https://registry.npmjs.org/depd/-/depd-2.0.0.tgz",
            "integrity": "sha512-g7nH6P6dyDioJogAAGprGpCtVImJhpPk/roCzdb3fIh61/s/nPsfR6onyMwkCAR/OlC3yBC0lESvUoQEAssIrw=="
        },
        "discord-interactions": {
            "version": "3.2.0",
            "resolved": "https://registry.npmjs.org/discord-interactions/-/discord-interactions-3.2.0.tgz",
            "integrity": "sha512-/J25RpYlokRW+2HmU5C2xo9bcgCWIzCl+MRRLCL/XvD+Hqe2WyQc639vUUKUNi6hdSdWb2kGNZDkMZxDky2dZg==",
            "requires": {
                "tweetnacl": "^1.0.3"
            }
        },
        "http-errors": {
            "version": "2.0.0",
            "resolved": "https://registry.npmjs.org/http-errors/-/http-errors-2.0.0.tgz",
            "integrity": "sha512-FtwrG/euBzaEjYeRqOgly7G0qviiXoJWnvEH2Z1plBdXgbyjv34pHTSb9zoeHMyDy33+DWy5Wt9Wo+TURtOYSQ==",
            "requires": {
                "depd": "2.0.0",
                "inherits": "2.0.4",
                "setprototypeof": "1.2.0",
                "statuses": "2.0.1",
                "toidentifier": "1.0.1"
            }
        },
        "iconv-lite": {
            "version": "0.4.24",
            "resolved": "https://registry.npmjs.org/iconv-lite/-/iconv-lite-0.4.24.tgz",
            "integrity": "sha512-v3MXnZAcvnywkTUEZomIActle7RXXeedOR31wwl7VlyoXO4Qi9arvSenNQWne1TcRwhCL1HwLI21bEqdpj8/rA==",
            "requires": {
                "safer-buffer": ">= 2.1.2 < 3"
            }
        },
        "inherits": {
            "version": "2.0.4",
            "resolved": "https://registry.npmjs.org/inherits/-/inherits-2.0.4.tgz",
            "integrity": "sha512-k/vGaX4/Yla3WzyMCvTQOXYeIHvqOKtnqBduzTHpzpQZzAskKMhZ2K+EnBiSM9zGSoIFeMpXKxa4dYeZIQqewQ=="
        },
        "raw-body": {
            "version": "2.5.1",
            "resolved": "https://registry.npmjs.org/raw-body/-/raw-body-2.5.1.tgz",
            "integrity": "sha512-qqJBtEyVgS0ZmPGdCFPWJ3FreoqvG4MVQln/kCgF7Olq95IbOp0/BWyMwbdtn4VTvkM8Y7khCQ2Xgk/tcrCXig==",
            "requires": {
                "bytes": "3.1.2",
                "http-errors": "2.0.0",
                "iconv-lite": "0.4.24",
                "unpipe": "1.0.0"
            }
        },
        "safer-buffer": {
            "version": "2.1.2",
            "resolved": "https://registry.npmjs.org/safer-buffer/-/safer-buffer-2.1.2.tgz",
            "integrity": "sha512-YZo3K82SD7Riyi0E1EQPojLz7kpepnSQI9IyPbHHg1XXXevb5dJI7tpyN2ADxGcQbHG7vcyRHk0cbwqcQriUtg=="
        },
        "setprototypeof": {
            "version": "1.2.0",
            "resolved": "https://registry.npmjs.org/setprototypeof/-/setprototypeof-1.2.0.tgz",
            "integrity": "sha512-E5LDX7Wrp85Kil5bhZv46j8jOeboKq5JMmYM3gVGdGH8xFpPWXUMsNrlODCrkoxMEeNi/XZIwuRvY4XNwYMJpw=="
        },
        "statuses": {
            "version": "2.0.1",
            "resolved": "https://registry.npmjs.org/statuses/-/statuses-2.0.1.tgz",
            "integrity": "sha512-RwNA9Z/7PrK06rYLIzFMlaF+l73iwpzsqRIFgbMLbTcLD6cOao82TaWefPXQvB2fOC4AjuYSEndS7N/mTCbkdQ=="
        },
        "toidentifier": {
            "version": "1.0.1",
            "resolved": "https://registry.npmjs.org/toidentifier/-/toidentifier-1.0.1.tgz",
            "integrity": "sha512-o5sSPKEkg/DIQNmH43V0/uerLrpzVedkUh8tGNvaeXpfpuwjKenlSox/2O/BTlZUtEe+JG7s5YhEz608PlAHRA=="
        },
        "tweetnacl": {
            "version": "1.0.3",
            "resolved": "https://registry.npmjs.org/tweetnacl/-/tweetnacl-1.0.3.tgz",
            "integrity": "sha512-6rt+RN7aOi1nGMyC4Xa5DdYiukl2UWCbcJft7YhxReBGQD7OAM8Pbxw6YMo4r2diNEA8FEmu32YOn9rhaiE5yw=="
        },
        "unpipe": {
            "version": "1.0.0",
            "resolved": "https://registry.npmjs.org/unpipe/-/unpipe-1.0.0.tgz",
            "integrity": "sha1-sr9O6FFKrmFltIF4KdIbLvSZBOw="
        }
    }
}
